
Microsoft Visual Studio Solution File, Format Version 12.00
# Visual Studio Version 17
VisualStudioVersion = 17.3.32804.467
MinimumVisualStudioVersion = 10.0.40219.1
Project("{FAE04EC0-301F-11D3-BF4B-00C04F79EFBC}") = "ExamenFinalJosephOvarez", "ExamenFinalJosephOvarez\ExamenFinalJosephOvarez.csproj", "{7754C93B-7F84-4FB9-8C6E-46A6448A2DE2}"
EndProject
Global
	GlobalSection(SolutionConfigurationPlatforms) = preSolution
		Debug|Any CPU = Debug|Any CPU
		Release|Any CPU = Release|Any CPU
	EndGlobalSection
	GlobalSection(ProjectConfigurationPlatforms) = postSolution
		{7754C93B-7F84-4FB9-8C6E-46A6448A2DE2}.Debug|Any CPU.ActiveCfg = Debug|Any CPU
		{7754C93B-7F84-4FB9-8C6E-46A6448A2DE2}.Debug|Any CPU.Build.0 = Debug|Any CPU
		{7754C93B-7F84-4FB9-8C6E-46A6448A2DE2}.Release|Any CPU.ActiveCfg = Release|Any CPU
		{7754C93B-7F84-4FB9-8C6E-46A6448A2DE2}.Release|Any CPU.Build.0 = Release|Any CPU
	EndGlobalSection
	GlobalSection(SolutionProperties) = preSolution
		HideSolutionNode = FALSE
	EndGlobalSection
	GlobalSection(ExtensibilityGlobals) = postSolution
		SolutionGuid = {0F1F9437-0D55-4EEC-BEB1-3A2B8AA3066C}
	EndGlobalSection
EndGlobal
